{
  "object": {
    "pins": [
      {
        "package": "Console",
        "repositoryURL": "https://bitbucket.org/cs-luiz-silva/console.git",
        "state": {
          "branch": null,
          "revision": "58d9730456cd8af1efa39e7e754097b6afe8d003",
          "version": "0.1.1"
        }
      }
    ]
  },
  "version": 1
}
