{
  "object": {
    "pins": [
      {
        "package": "Console",
        "repositoryURL": "https://bitbucket.org/cs-luiz-silva/console.git",
        "state": {
          "branch": null,
          "revision": "eea4a7db012cc55bd02ce83a0ab1e4079959cd4e",
          "version": "0.2.0"
        }
      }
    ]
  },
  "version": 1
}
